
Microsoft Visual Studio Solution File, Format Version 12.00
# Visual Studio 15
VisualStudioVersion = 15.0.28307.421
MinimumVisualStudioVersion = 10.0.40219.1
Project("{9A19103F-16F7-4668-BE54-9A1E7A4F7556}") = "VersionManagement", "VersionManagement\VersionManagement.csproj", "{7F7D1340-CA44-4316-91F5-989BF1BFFC0E}"
EndProject
Project("{FAE04EC0-301F-11D3-BF4B-00C04F79EFBC}") = "VersionManagementApp", "VersionManagementApp\VersionManagementApp.csproj", "{9BFA8D12-3983-4AAF-8C38-42968ECF13D7}"
EndProject
Global
	GlobalSection(SolutionConfigurationPlatforms) = preSolution
		Debug|Any CPU = Debug|Any CPU
		Release|Any CPU = Release|Any CPU
	EndGlobalSection
	GlobalSection(ProjectConfigurationPlatforms) = postSolution
		{7F7D1340-CA44-4316-91F5-989BF1BFFC0E}.Debug|Any CPU.ActiveCfg = Debug|Any CPU
		{7F7D1340-CA44-4316-91F5-989BF1BFFC0E}.Debug|Any CPU.Build.0 = Debug|Any CPU
		{7F7D1340-CA44-4316-91F5-989BF1BFFC0E}.Release|Any CPU.ActiveCfg = Release|Any CPU
		{7F7D1340-CA44-4316-91F5-989BF1BFFC0E}.Release|Any CPU.Build.0 = Release|Any CPU
		{9BFA8D12-3983-4AAF-8C38-42968ECF13D7}.Debug|Any CPU.ActiveCfg = Debug|Any CPU
		{9BFA8D12-3983-4AAF-8C38-42968ECF13D7}.Debug|Any CPU.Build.0 = Debug|Any CPU
		{9BFA8D12-3983-4AAF-8C38-42968ECF13D7}.Release|Any CPU.ActiveCfg = Release|Any CPU
		{9BFA8D12-3983-4AAF-8C38-42968ECF13D7}.Release|Any CPU.Build.0 = Release|Any CPU
	EndGlobalSection
	GlobalSection(SolutionProperties) = preSolution
		HideSolutionNode = FALSE
	EndGlobalSection
	GlobalSection(ExtensibilityGlobals) = postSolution
		SolutionGuid = {4D2710CD-7A92-4F7D-9E3A-5E41C10DAC12}
	EndGlobalSection
EndGlobal
